// !$*UTF8*$!
{
	archiveVersion = 1;
	classes = {
	};
	objectVersion = 77;
	objects = {

/* Begin PBXBuildFile section */
		5B0000000000000000000017 /* SimplyBarWidgets.appex in Embed Foundation Extensions */ = {isa = PBXBuildFile; fileRef = 5B00000000000000000000A1 /* SimplyBarWidgets.appex */; settings = {ATTRIBUTES = (RemoveHeadersOnCopy, ); }; };
/* End PBXBuildFile section */

/* Begin PBXContainerItemProxy section */
		5B0000000000000000000019 /* PBXContainerItemProxy */ = {
			isa = PBXContainerItemProxy;
			containerPortal = 5B0000000000000000000001 /* Project object */;
			proxyType = 1;
			remoteGlobalIDString = 5B00000000000000000000A0;
			remoteInfo = SimplyBarWidgets;
		};
/* End PBXContainerItemProxy section */

/* Begin PBXCopyFilesBuildPhase section */
		5B0000000000000000000016 /* Embed Foundation Extensions */ = {
			isa = PBXCopyFilesBuildPhase;
			buildActionMask = 2147483647;
			dstPath = "";
			dstSubfolderSpec = 13;
			files = (
				5B0000000000000000000017 /* SimplyBarWidgets.appex in Embed Foundation Extensions */,
			);
			name = "Embed Foundation Extensions";
			runOnlyForDeploymentPostprocessing = 0;
		};
/* End PBXCopyFilesBuildPhase section */

/* Begin PBXFileReference section */
		5B0000000000000000000011 /* SimplyBar.app */ = {isa = PBXFileReference; explicitFileType = wrapper.application; includeInIndex = 0; path = SimplyBar.app; sourceTree = BUILT_PRODUCTS_DIR; };
		5B00000000000000000000A1 /* SimplyBarWidgets.appex */ = {isa = PBXFileReference; explicitFileType = "wrapper.app-extension"; includeInIndex = 0; path = SimplyBarWidgets.appex; sourceTree = BUILT_PRODUCTS_DIR; };
		5B00000000000000000000D1 /* SimplyBarTests.xctest */ = {isa = PBXFileReference; explicitFileType = wrapper.cfbundle; includeInIndex = 0; path = SimplyBarTests.xctest; sourceTree = BUILT_PRODUCTS_DIR; };
/* End PBXFileReference section */

/* Begin PBXFileSystemSynchronizedBuildFileExceptionSet section */
		5B00000000000000000000A6 /* Exceptions for "SimplyBarWidgets" folder in "SimplyBarWidgets" target */ = {
			isa = PBXFileSystemSynchronizedBuildFileExceptionSet;
			membershipExceptions = (
				Info.plist,
			);
			target = 5B00000000000000000000A0 /* SimplyBarWidgets */;
		};
/* End PBXFileSystemSynchronizedBuildFileExceptionSet section */

/* Begin PBXFileSystemSynchronizedRootGroup section */
		5B0000000000000000000015 /* SimplyBar */ = {
			isa = PBXFileSystemSynchronizedRootGroup;
			path = SimplyBar;
			sourceTree = "<group>";
		};
		5B00000000000000000000A5 /* SimplyBarWidgets */ = {
			isa = PBXFileSystemSynchronizedRootGroup;
			exceptions = (
				5B00000000000000000000A6 /* Exceptions for "SimplyBarWidgets" folder in "SimplyBarWidgets" target */,
			);
			path = SimplyBarWidgets;
			sourceTree = "<group>";
		};
		5B00000000000000000000B0 /* Shared */ = {
			isa = PBXFileSystemSynchronizedRootGroup;
			path = Shared;
			sourceTree = "<group>";
		};
		5B00000000000000000000C0 /* Core */ = {
			isa = PBXFileSystemSynchronizedRootGroup;
			path = Core;
			sourceTree = "<group>";
		};
		5B00000000000000000000D5 /* SimplyBarTests */ = {
			isa = PBXFileSystemSynchronizedRootGroup;
			path = SimplyBarTests;
			sourceTree = "<group>";
		};
/* End PBXFileSystemSynchronizedRootGroup section */

/* Begin PBXFrameworksBuildPhase section */
		5B0000000000000000000013 /* Frameworks */ = {
			isa = PBXFrameworksBuildPhase;
			buildActionMask = 2147483647;
			files = (
			);
			runOnlyForDeploymentPostprocessing = 0;
		};
		5B00000000000000000000A3 /* Frameworks */ = {
			isa = PBXFrameworksBuildPhase;
			buildActionMask = 2147483647;
			files = (
			);
			runOnlyForDeploymentPostprocessing = 0;
		};
		5B00000000000000000000D3 /* Frameworks */ = {
			isa = PBXFrameworksBuildPhase;
			buildActionMask = 2147483647;
			files = (
			);
			runOnlyForDeploymentPostprocessing = 0;
		};
/* End PBXFrameworksBuildPhase section */

/* Begin PBXGroup section */
		5B0000000000000000000002 = {
			isa = PBXGroup;
			children = (
				5B00000000000000000000B0 /* Shared */,
				5B00000000000000000000C0 /* Core */,
				5B0000000000000000000015 /* SimplyBar */,
				5B00000000000000000000A5 /* SimplyBarWidgets */,
				5B00000000000000000000D5 /* SimplyBarTests */,
				5B0000000000000000000003 /* Products */,
			);
			sourceTree = "<group>";
		};
		5B0000000000000000000003 /* Products */ = {
			isa = PBXGroup;
			children = (
				5B0000000000000000000011 /* SimplyBar.app */,
				5B00000000000000000000A1 /* SimplyBarWidgets.appex */,
				5B00000000000000000000D1 /* SimplyBarTests.xctest */,
			);
			name = Products;
			sourceTree = "<group>";
		};
/* End PBXGroup section */

/* Begin PBXNativeTarget section */
		5B0000000000000000000010 /* SimplyBar */ = {
			isa = PBXNativeTarget;
			buildConfigurationList = 5B0000000000000000000043 /* Build configuration list for PBXNativeTarget "SimplyBar" */;
			buildPhases = (
				5B0000000000000000000012 /* Sources */,
				5B0000000000000000000013 /* Frameworks */,
				5B0000000000000000000014 /* Resources */,
				5B0000000000000000000016 /* Embed Foundation Extensions */,
			);
			buildRules = (
			);
			dependencies = (
				5B0000000000000000000018 /* PBXTargetDependency */,
			);
			fileSystemSynchronizedGroups = (
				5B00000000000000000000B0 /* Shared */,
				5B00000000000000000000C0 /* Core */,
				5B0000000000000000000015 /* SimplyBar */,
			);
			name = SimplyBar;
			packageProductDependencies = (
			);
			productName = SimplyBar;
			productReference = 5B0000000000000000000011 /* SimplyBar.app */;
			productType = "com.apple.product-type.application";
		};
		5B00000000000000000000A0 /* SimplyBarWidgets */ = {
			isa = PBXNativeTarget;
			buildConfigurationList = 5B00000000000000000000A7 /* Build configuration list for PBXNativeTarget "SimplyBarWidgets" */;
			buildPhases = (
				5B00000000000000000000A2 /* Sources */,
				5B00000000000000000000A3 /* Frameworks */,
				5B00000000000000000000A4 /* Resources */,
			);
			buildRules = (
			);
			dependencies = (
			);
			fileSystemSynchronizedGroups = (
				5B00000000000000000000B0 /* Shared */,
				5B00000000000000000000A5 /* SimplyBarWidgets */,
			);
			name = SimplyBarWidgets;
			packageProductDependencies = (
			);
			productName = SimplyBarWidgets;
			productReference = 5B00000000000000000000A1 /* SimplyBarWidgets.appex */;
			productType = "com.apple.product-type.app-extension";
		};
		5B00000000000000000000D0 /* SimplyBarTests */ = {
			isa = PBXNativeTarget;
			buildConfigurationList = 5B00000000000000000000D7 /* Build configuration list for PBXNativeTarget "SimplyBarTests" */;
			buildPhases = (
				5B00000000000000000000D2 /* Sources */,
				5B00000000000000000000D3 /* Frameworks */,
				5B00000000000000000000D4 /* Resources */,
			);
			buildRules = (
			);
			dependencies = (
			);
			fileSystemSynchronizedGroups = (
				5B00000000000000000000B0 /* Shared */,
				5B00000000000000000000C0 /* Core */,
				5B00000000000000000000D5 /* SimplyBarTests */,
			);
			name = SimplyBarTests;
			packageProductDependencies = (
			);
			productName = SimplyBarTests;
			productReference = 5B00000000000000000000D1 /* SimplyBarTests.xctest */;
			productType = "com.apple.product-type.bundle.unit-test";
		};
/* End PBXNativeTarget section */

/* Begin PBXProject section */
		5B0000000000000000000001 /* Project object */ = {
			isa = PBXProject;
			attributes = {
				BuildIndependentTargetsInParallel = 1;
				LastSwiftUpdateCheck = 2700;
				LastUpgradeCheck = 2700;
				TargetAttributes = {
					5B0000000000000000000010 = {
						CreatedOnToolsVersion = 27.0;
					};
					5B00000000000000000000A0 = {
						CreatedOnToolsVersion = 27.0;
					};
					5B00000000000000000000D0 = {
						CreatedOnToolsVersion = 27.0;
					};
				};
			};
			buildConfigurationList = 5B0000000000000000000040 /* Build configuration list for PBXProject "SimplyBar" */;
			developmentRegion = en;
			hasScannedForEncodings = 0;
			knownRegions = (
				en,
				ar,
				bn,
				ca,
				cs,
				da,
				de,
				el,
				"en-AU",
				"en-CA",
				"en-GB",
				es,
				"es-419",
				fi,
				fr,
				"fr-CA",
				gu,
				he,
				hi,
				hr,
				hu,
				id,
				it,
				ja,
				kn,
				ko,
				ml,
				mr,
				ms,
				nb,
				nl,
				or,
				pa,
				pl,
				"pt-BR",
				"pt-PT",
				ro,
				ru,
				sk,
				sl,
				sv,
				ta,
				te,
				th,
				tr,
				uk,
				ur,
				vi,
				"zh-Hans",
				"zh-Hant",
				Base,
			);
			mainGroup = 5B0000000000000000000002;
			minimizedProjectReferenceProxies = 1;
			preferredProjectObjectVersion = 77;
			productRefGroup = 5B0000000000000000000003 /* Products */;
			projectDirPath = "";
			projectRoot = "";
			targets = (
				5B0000000000000000000010 /* SimplyBar */,
				5B00000000000000000000A0 /* SimplyBarWidgets */,
				5B00000000000000000000D0 /* SimplyBarTests */,
			);
		};
/* End PBXProject section */

/* Begin PBXResourcesBuildPhase section */
		5B0000000000000000000014 /* Resources */ = {
			isa = PBXResourcesBuildPhase;
			buildActionMask = 2147483647;
			files = (
			);
			runOnlyForDeploymentPostprocessing = 0;
		};
		5B00000000000000000000A4 /* Resources */ = {
			isa = PBXResourcesBuildPhase;
			buildActionMask = 2147483647;
			files = (
			);
			runOnlyForDeploymentPostprocessing = 0;
		};
		5B00000000000000000000D4 /* Resources */ = {
			isa = PBXResourcesBuildPhase;
			buildActionMask = 2147483647;
			files = (
			);
			runOnlyForDeploymentPostprocessing = 0;
		};
/* End PBXResourcesBuildPhase section */

/* Begin PBXSourcesBuildPhase section */
		5B0000000000000000000012 /* Sources */ = {
			isa = PBXSourcesBuildPhase;
			buildActionMask = 2147483647;
			files = (
			);
			runOnlyForDeploymentPostprocessing = 0;
		};
		5B00000000000000000000A2 /* Sources */ = {
			isa = PBXSourcesBuildPhase;
			buildActionMask = 2147483647;
			files = (
			);
			runOnlyForDeploymentPostprocessing = 0;
		};
		5B00000000000000000000D2 /* Sources */ = {
			isa = PBXSourcesBuildPhase;
			buildActionMask = 2147483647;
			files = (
			);
			runOnlyForDeploymentPostprocessing = 0;
		};
/* End PBXSourcesBuildPhase section */

/* Begin PBXTargetDependency section */
		5B0000000000000000000018 /* PBXTargetDependency */ = {
			isa = PBXTargetDependency;
			target = 5B00000000000000000000A0 /* SimplyBarWidgets */;
			targetProxy = 5B0000000000000000000019 /* PBXContainerItemProxy */;
		};
/* End PBXTargetDependency section */

/* Begin XCBuildConfiguration section */
		5B0000000000000000000041 /* Debug */ = {
			isa = XCBuildConfiguration;
			buildSettings = {
				ALWAYS_SEARCH_USER_PATHS = NO;
				ASSETCATALOG_COMPILER_GENERATE_SWIFT_ASSET_SYMBOL_EXTENSIONS = YES;
				CLANG_ENABLE_MODULES = YES;
				CLANG_ENABLE_OBJC_ARC = YES;
				CODE_SIGN_IDENTITY = "Apple Development";
				CODE_SIGN_STYLE = Manual;
				COPY_PHASE_STRIP = NO;
				CURRENT_PROJECT_VERSION = 1;
				DEAD_CODE_STRIPPING = YES;
				DEBUG_INFORMATION_FORMAT = dwarf;
				DEVELOPMENT_TEAM = ZNPYGQCK98;
				ENABLE_HARDENED_RUNTIME = YES;
				ENABLE_STRICT_OBJC_MSGSEND = YES;
				ENABLE_TESTABILITY = YES;
				ENABLE_USER_SCRIPT_SANDBOXING = YES;
				GCC_OPTIMIZATION_LEVEL = 0;
				GCC_PREPROCESSOR_DEFINITIONS = (
					"DEBUG=1",
					"$(inherited)",
				);
				LOCALIZATION_PREFERS_STRING_CATALOGS = YES;
				MACOSX_DEPLOYMENT_TARGET = 14.0;
				MARKETING_VERSION = 1.0;
				ONLY_ACTIVE_ARCH = YES;
				PROVISIONING_PROFILE_SPECIFIER = "";
				SDKROOT = macosx;
				SWIFT_ACTIVE_COMPILATION_CONDITIONS = "DEBUG $(inherited)";
				SWIFT_APPROACHABLE_CONCURRENCY = YES;
				SWIFT_EMIT_LOC_STRINGS = YES;
				SWIFT_OPTIMIZATION_LEVEL = "-Onone";
				SWIFT_VERSION = 6.0;
			};
			name = Debug;
		};
		5B0000000000000000000042 /* Release */ = {
			isa = XCBuildConfiguration;
			buildSettings = {
				ALWAYS_SEARCH_USER_PATHS = NO;
				ASSETCATALOG_COMPILER_GENERATE_SWIFT_ASSET_SYMBOL_EXTENSIONS = YES;
				CLANG_ENABLE_MODULES = YES;
				CLANG_ENABLE_OBJC_ARC = YES;
				CODE_SIGN_IDENTITY = "Apple Development";
				CODE_SIGN_STYLE = Manual;
				COPY_PHASE_STRIP = NO;
				CURRENT_PROJECT_VERSION = 1;
				DEAD_CODE_STRIPPING = YES;
				DEBUG_INFORMATION_FORMAT = "dwarf-with-dsym";
				DEVELOPMENT_TEAM = ZNPYGQCK98;
				ENABLE_HARDENED_RUNTIME = YES;
				ENABLE_NS_ASSERTIONS = NO;
				ENABLE_STRICT_OBJC_MSGSEND = YES;
				ENABLE_USER_SCRIPT_SANDBOXING = YES;
				LOCALIZATION_PREFERS_STRING_CATALOGS = YES;
				MACOSX_DEPLOYMENT_TARGET = 14.0;
				MARKETING_VERSION = 1.0;
				PROVISIONING_PROFILE_SPECIFIER = "";
				SDKROOT = macosx;
				SWIFT_APPROACHABLE_CONCURRENCY = YES;
				SWIFT_COMPILATION_MODE = wholemodule;
				SWIFT_EMIT_LOC_STRINGS = YES;
				SWIFT_VERSION = 6.0;
			};
			name = Release;
		};
		5B0000000000000000000044 /* Debug */ = {
			isa = XCBuildConfiguration;
			buildSettings = {
				ASSETCATALOG_COMPILER_APPICON_NAME = AppIcon;
				CODE_SIGN_ENTITLEMENTS = SimplyBar/SimplyBar.entitlements;
				COMBINE_HIDPI_IMAGES = YES;
				GENERATE_INFOPLIST_FILE = YES;
				INFOPLIST_KEY_CFBundleDisplayName = SimplyBar;
				INFOPLIST_KEY_ITSAppUsesNonExemptEncryption = NO;
				INFOPLIST_KEY_LSApplicationCategoryType = "public.app-category.utilities";
				INFOPLIST_KEY_LSUIElement = YES;
				INFOPLIST_KEY_NSHumanReadableCopyright = "© 2026 Simplibot";
				INFOPLIST_KEY_NSPrincipalClass = NSApplication;
				LD_RUNPATH_SEARCH_PATHS = (
					"$(inherited)",
					"@executable_path/../Frameworks",
				);
				PRODUCT_BUNDLE_IDENTIFIER = fr.simplibot.simplybar;
				PRODUCT_NAME = "$(TARGET_NAME)";
			};
			name = Debug;
		};
		5B0000000000000000000045 /* Release */ = {
			isa = XCBuildConfiguration;
			buildSettings = {
				ASSETCATALOG_COMPILER_APPICON_NAME = AppIcon;
				CODE_SIGN_ENTITLEMENTS = SimplyBar/SimplyBar.entitlements;
				COMBINE_HIDPI_IMAGES = YES;
				GENERATE_INFOPLIST_FILE = YES;
				INFOPLIST_KEY_CFBundleDisplayName = SimplyBar;
				INFOPLIST_KEY_ITSAppUsesNonExemptEncryption = NO;
				INFOPLIST_KEY_LSApplicationCategoryType = "public.app-category.utilities";
				INFOPLIST_KEY_LSUIElement = YES;
				INFOPLIST_KEY_NSHumanReadableCopyright = "© 2026 Simplibot";
				INFOPLIST_KEY_NSPrincipalClass = NSApplication;
				LD_RUNPATH_SEARCH_PATHS = (
					"$(inherited)",
					"@executable_path/../Frameworks",
				);
				PRODUCT_BUNDLE_IDENTIFIER = fr.simplibot.simplybar;
				PRODUCT_NAME = "$(TARGET_NAME)";
			};
			name = Release;
		};
		5B00000000000000000000A8 /* Debug */ = {
			isa = XCBuildConfiguration;
			buildSettings = {
				CODE_SIGN_ENTITLEMENTS = SimplyBarWidgets/SimplyBarWidgets.entitlements;
				GENERATE_INFOPLIST_FILE = YES;
				INFOPLIST_FILE = SimplyBarWidgets/Info.plist;
				INFOPLIST_KEY_CFBundleDisplayName = SimplyBar;
				INFOPLIST_KEY_NSHumanReadableCopyright = "© 2026 Simplibot";
				LD_RUNPATH_SEARCH_PATHS = (
					"$(inherited)",
					"@executable_path/../Frameworks",
					"@executable_path/../../../../Frameworks",
				);
				PRODUCT_BUNDLE_IDENTIFIER = fr.simplibot.simplybar.widgets;
				PRODUCT_NAME = "$(TARGET_NAME)";
				SKIP_INSTALL = YES;
			};
			name = Debug;
		};
		5B00000000000000000000A9 /* Release */ = {
			isa = XCBuildConfiguration;
			buildSettings = {
				CODE_SIGN_ENTITLEMENTS = SimplyBarWidgets/SimplyBarWidgets.entitlements;
				GENERATE_INFOPLIST_FILE = YES;
				INFOPLIST_FILE = SimplyBarWidgets/Info.plist;
				INFOPLIST_KEY_CFBundleDisplayName = SimplyBar;
				INFOPLIST_KEY_NSHumanReadableCopyright = "© 2026 Simplibot";
				LD_RUNPATH_SEARCH_PATHS = (
					"$(inherited)",
					"@executable_path/../Frameworks",
					"@executable_path/../../../../Frameworks",
				);
				PRODUCT_BUNDLE_IDENTIFIER = fr.simplibot.simplybar.widgets;
				PRODUCT_NAME = "$(TARGET_NAME)";
				SKIP_INSTALL = YES;
			};
			name = Release;
		};
		5B00000000000000000000D8 /* Debug */ = {
			isa = XCBuildConfiguration;
			buildSettings = {
				ENABLE_HARDENED_RUNTIME = NO;
				GENERATE_INFOPLIST_FILE = YES;
				PRODUCT_BUNDLE_IDENTIFIER = fr.simplibot.simplybar.tests;
				PRODUCT_NAME = "$(TARGET_NAME)";
				SWIFT_EMIT_LOC_STRINGS = NO;
			};
			name = Debug;
		};
		5B00000000000000000000D9 /* Release */ = {
			isa = XCBuildConfiguration;
			buildSettings = {
				ENABLE_HARDENED_RUNTIME = NO;
				GENERATE_INFOPLIST_FILE = YES;
				PRODUCT_BUNDLE_IDENTIFIER = fr.simplibot.simplybar.tests;
				PRODUCT_NAME = "$(TARGET_NAME)";
				SWIFT_EMIT_LOC_STRINGS = NO;
			};
			name = Release;
		};
/* End XCBuildConfiguration section */

/* Begin XCConfigurationList section */
		5B0000000000000000000040 /* Build configuration list for PBXProject "SimplyBar" */ = {
			isa = XCConfigurationList;
			buildConfigurations = (
				5B0000000000000000000041 /* Debug */,
				5B0000000000000000000042 /* Release */,
			);
			defaultConfigurationIsVisible = 0;
			defaultConfigurationName = Release;
		};
		5B0000000000000000000043 /* Build configuration list for PBXNativeTarget "SimplyBar" */ = {
			isa = XCConfigurationList;
			buildConfigurations = (
				5B0000000000000000000044 /* Debug */,
				5B0000000000000000000045 /* Release */,
			);
			defaultConfigurationIsVisible = 0;
			defaultConfigurationName = Release;
		};
		5B00000000000000000000A7 /* Build configuration list for PBXNativeTarget "SimplyBarWidgets" */ = {
			isa = XCConfigurationList;
			buildConfigurations = (
				5B00000000000000000000A8 /* Debug */,
				5B00000000000000000000A9 /* Release */,
			);
			defaultConfigurationIsVisible = 0;
			defaultConfigurationName = Release;
		};
		5B00000000000000000000D7 /* Build configuration list for PBXNativeTarget "SimplyBarTests" */ = {
			isa = XCConfigurationList;
			buildConfigurations = (
				5B00000000000000000000D8 /* Debug */,
				5B00000000000000000000D9 /* Release */,
			);
			defaultConfigurationIsVisible = 0;
			defaultConfigurationName = Release;
		};
/* End XCConfigurationList section */
	};
	rootObject = 5B0000000000000000000001 /* Project object */;
}
